
Microsoft Visual Studio Solution File, Format Version 12.00
# Visual Studio Version 16
VisualStudioVersion = 16.0.30611.23
MinimumVisualStudioVersion = 10.0.40219.1
Project("{9A19103F-16F7-4668-BE54-9A1E7A4F7556}") = "User_Registration", "User_Registration\User_Registration.csproj", "{42B477F2-12CC-4353-ADC9-4BB1F0DAFDB9}"
EndProject
Project("{FAE04EC0-301F-11D3-BF4B-00C04F79EFBC}") = "User_Registration_Tests", "User_Registration_Tests\User_Registration_Tests.csproj", "{BA5033D4-9227-4ADF-8CF8-5E7F52F16847}"
EndProject
Global
	GlobalSection(SolutionConfigurationPlatforms) = preSolution
		Debug|Any CPU = Debug|Any CPU
		Release|Any CPU = Release|Any CPU
	EndGlobalSection
	GlobalSection(ProjectConfigurationPlatforms) = postSolution
		{42B477F2-12CC-4353-ADC9-4BB1F0DAFDB9}.Debug|Any CPU.ActiveCfg = Debug|Any CPU
		{42B477F2-12CC-4353-ADC9-4BB1F0DAFDB9}.Debug|Any CPU.Build.0 = Debug|Any CPU
		{42B477F2-12CC-4353-ADC9-4BB1F0DAFDB9}.Release|Any CPU.ActiveCfg = Release|Any CPU
		{42B477F2-12CC-4353-ADC9-4BB1F0DAFDB9}.Release|Any CPU.Build.0 = Release|Any CPU
		{BA5033D4-9227-4ADF-8CF8-5E7F52F16847}.Debug|Any CPU.ActiveCfg = Debug|Any CPU
		{BA5033D4-9227-4ADF-8CF8-5E7F52F16847}.Debug|Any CPU.Build.0 = Debug|Any CPU
		{BA5033D4-9227-4ADF-8CF8-5E7F52F16847}.Release|Any CPU.ActiveCfg = Release|Any CPU
		{BA5033D4-9227-4ADF-8CF8-5E7F52F16847}.Release|Any CPU.Build.0 = Release|Any CPU
	EndGlobalSection
	GlobalSection(SolutionProperties) = preSolution
		HideSolutionNode = FALSE
	EndGlobalSection
	GlobalSection(ExtensibilityGlobals) = postSolution
		SolutionGuid = {ECFAB2CF-9169-4EE8-B3A3-F1C5F94C848A}
	EndGlobalSection
EndGlobal
